
Microsoft Visual Studio Solution File, Format Version 12.00
# Visual Studio Version 17
VisualStudioVersion = 17.12.35707.178 d17.12
MinimumVisualStudioVersion = 10.0.40219.1
Project("{FAE04EC0-301F-11D3-BF4B-00C04F79EFBC}") = "ApiGateway", "ApiGateway\ApiGateway.csproj", "{C64754AC-A360-4B61-91B2-0E4C778B8CB1}"
EndProject
Project("{FAE04EC0-301F-11D3-BF4B-00C04F79EFBC}") = "OrderService", "OrderService\OrderService.csproj", "{13F2CF10-A8DB-4F05-82D6-EDC76416F088}"
EndProject
Project("{FAE04EC0-301F-11D3-BF4B-00C04F79EFBC}") = "ProductService", "ProductService\ProductService.csproj", "{D3D58C0A-973C-4F85-8B1E-74B69DFACD7C}"
EndProject
Global
	GlobalSection(SolutionConfigurationPlatforms) = preSolution
		Debug|Any CPU = Debug|Any CPU
		Release|Any CPU = Release|Any CPU
	EndGlobalSection
	GlobalSection(ProjectConfigurationPlatforms) = postSolution
		{C64754AC-A360-4B61-91B2-0E4C778B8CB1}.Debug|Any CPU.ActiveCfg = Debug|Any CPU
		{C64754AC-A360-4B61-91B2-0E4C778B8CB1}.Debug|Any CPU.Build.0 = Debug|Any CPU
		{C64754AC-A360-4B61-91B2-0E4C778B8CB1}.Release|Any CPU.ActiveCfg = Release|Any CPU
		{C64754AC-A360-4B61-91B2-0E4C778B8CB1}.Release|Any CPU.Build.0 = Release|Any CPU
		{13F2CF10-A8DB-4F05-82D6-EDC76416F088}.Debug|Any CPU.ActiveCfg = Debug|Any CPU
		{13F2CF10-A8DB-4F05-82D6-EDC76416F088}.Debug|Any CPU.Build.0 = Debug|Any CPU
		{13F2CF10-A8DB-4F05-82D6-EDC76416F088}.Release|Any CPU.ActiveCfg = Release|Any CPU
		{13F2CF10-A8DB-4F05-82D6-EDC76416F088}.Release|Any CPU.Build.0 = Release|Any CPU
		{D3D58C0A-973C-4F85-8B1E-74B69DFACD7C}.Debug|Any CPU.ActiveCfg = Debug|Any CPU
		{D3D58C0A-973C-4F85-8B1E-74B69DFACD7C}.Debug|Any CPU.Build.0 = Debug|Any CPU
		{D3D58C0A-973C-4F85-8B1E-74B69DFACD7C}.Release|Any CPU.ActiveCfg = Release|Any CPU
		{D3D58C0A-973C-4F85-8B1E-74B69DFACD7C}.Release|Any CPU.Build.0 = Release|Any CPU
	EndGlobalSection
	GlobalSection(SolutionProperties) = preSolution
		HideSolutionNode = FALSE
	EndGlobalSection
EndGlobal
